# @generated - this file is auto-generated by `mise lock` https://mise.jdx.dev/dev-tools/mise-lock.html

lockfile_version = 2

[[tools.aube]]
version = "2.3.0"
backend = "packslip:github.com/aubepkg/aube"
specifiers = ["latest"]

[tools.aube."platforms.linux-arm64"]
checksum = "sha256:79d492a53a053a035d5b7b83b2e351207a75dd149cd8d37ce941dd46b0d555da"
url = "https://github.com/aubepkg/aube/releases/download/v2.3.0/aube-v2.3.0-aarch64-unknown-linux-gnu.tar.gz"
signer = "sigstore-oidc:https://github.com/aubepkg/aube/.github/workflows/release-plz.yml"

[tools.aube."platforms.linux-arm64-musl"]
checksum = "sha256:97827683411004bbde9a53b2ff7f6b5f83c011a00a83def555115fd1a8526b85"
url = "https://github.com/aubepkg/aube/releases/download/v2.3.0/aube-v2.3.0-aarch64-unknown-linux-musl.tar.gz"
signer = "sigstore-oidc:https://github.com/aubepkg/aube/.github/workflows/release-plz.yml"

[tools.aube."platforms.linux-x64"]
checksum = "sha256:250a7e2cf657e5e42f4fcce3443fa06ce457863fbbd4d8ccb7cfeb16a345b84d"
url = "https://github.com/aubepkg/aube/releases/download/v2.3.0/aube-v2.3.0-x86_64-unknown-linux-gnu.tar.gz"
signer = "sigstore-oidc:https://github.com/aubepkg/aube/.github/workflows/release-plz.yml"

[tools.aube."platforms.linux-x64-musl"]
checksum = "sha256:d70968db310cd48975a45d2fe26c0e43fc1f8a8f97b647dfe4d02166183c6aa1"
url = "https://github.com/aubepkg/aube/releases/download/v2.3.0/aube-v2.3.0-x86_64-unknown-linux-musl.tar.gz"
signer = "sigstore-oidc:https://github.com/aubepkg/aube/.github/workflows/release-plz.yml"

[tools.aube."platforms.macos-arm64"]
checksum = "sha256:717638c2fb87e3230d84c548ee9509f3dd880966744702c3e0d0345f1937c9b1"
url = "https://github.com/aubepkg/aube/releases/download/v2.3.0/aube-v2.3.0-aarch64-apple-darwin.tar.gz"
signer = "sigstore-oidc:https://github.com/aubepkg/aube/.github/workflows/release-plz.yml"

[tools.aube."platforms.windows-x64"]
checksum = "sha256:a6b88d0ea8e364619adeb7b280fa2594e69fabe7362087ba0219113ba6af1e7e"
url = "https://github.com/aubepkg/aube/releases/download/v2.3.0/aube-v2.3.0-x86_64-pc-windows-msvc.zip"
signer = "sigstore-oidc:https://github.com/aubepkg/aube/.github/workflows/release-plz.yml"

[[tools.communique]]
version = "1.4.2"
backend = "packslip:github.com/jdx/communique"
specifiers = ["latest"]

[tools.communique."platforms.linux-arm64"]
checksum = "sha256:30199c0eeb0ff3214af9f25444eefbfa4b0e63ca5a6a76b84fee15ae36cd190e"
url = "https://github.com/jdx/communique/releases/download/v1.4.2/communique-aarch64-unknown-linux-gnu.tar.gz"
signer = "sigstore-oidc:https://github.com/jdx/communique/.github/workflows/release.yml"

[tools.communique."platforms.linux-arm64-musl"]
checksum = "sha256:ae0dfd79940e13b5b49a7bb00c34799c44a54062651e27e8ea39a23c2049fdac"
url = "https://github.com/jdx/communique/releases/download/v1.4.2/communique-aarch64-unknown-linux-musl.tar.gz"
signer = "sigstore-oidc:https://github.com/jdx/communique/.github/workflows/release.yml"

[tools.communique."platforms.linux-x64"]
checksum = "sha256:522e205e23c0ea7bb6752cf9eb22d8a16cf973ae3d7b807a91d826195d3edcdc"
url = "https://github.com/jdx/communique/releases/download/v1.4.2/communique-x86_64-unknown-linux-gnu.tar.gz"
signer = "sigstore-oidc:https://github.com/jdx/communique/.github/workflows/release.yml"

[tools.communique."platforms.linux-x64-musl"]
checksum = "sha256:d1f8c3abfe5041de1325d8f74d67c03473f05bb7343bb49ec534a108e4035dcc"
url = "https://github.com/jdx/communique/releases/download/v1.4.2/communique-x86_64-unknown-linux-musl.tar.gz"
signer = "sigstore-oidc:https://github.com/jdx/communique/.github/workflows/release.yml"

[tools.communique."platforms.macos-arm64"]
checksum = "sha256:e1327dc94074bddb5f1d66d2057ed0754766ac0a54656aa74260b6f24b594bf4"
url = "https://github.com/jdx/communique/releases/download/v1.4.2/communique-aarch64-apple-darwin.tar.gz"
signer = "sigstore-oidc:https://github.com/jdx/communique/.github/workflows/release.yml"

[tools.communique."platforms.windows-x64"]
checksum = "sha256:0d7b9a528a60584513460154b50a43d2eaa0b0218089ef5720c020367ea6c958"
url = "https://github.com/jdx/communique/releases/download/v1.4.2/communique-x86_64-pc-windows-msvc.zip"
signer = "sigstore-oidc:https://github.com/jdx/communique/.github/workflows/release.yml"

[[tools.lychee]]
version = "0.24.2"
backend = "aqua:lycheeverse/lychee"
specifiers = ["0.24.2"]

[tools.lychee."platforms.linux-arm64"]
checksum = "sha256:91a7bd65685da41b90ccb9bc867a3d649a7818042dae04ff405e55a25bddee4c"
url = "https://github.com/lycheeverse/lychee/releases/download/lychee-v0.24.2/lychee-aarch64-unknown-linux-gnu.tar.gz"
url_api = "https://api.github.com/repos/lycheeverse/lychee/releases/assets/409959442"

[tools.lychee."platforms.linux-arm64-musl"]
checksum = "sha256:5d0b0e3aeab240f41920c633a6eaf97599be6eedda034b36e858ede7dba5e535"
url = "https://github.com/lycheeverse/lychee/releases/download/lychee-v0.24.2/lychee-aarch64-unknown-linux-musl.tar.gz"
url_api = "https://api.github.com/repos/lycheeverse/lychee/releases/assets/409958602"

[tools.lychee."platforms.linux-x64"]
checksum = "sha256:1f4e0ef7f6554a6ed33dd7ac144fb2e1bbed98598e7af973042fc5cd43951c9a"
url = "https://github.com/lycheeverse/lychee/releases/download/lychee-v0.24.2/lychee-x86_64-unknown-linux-gnu.tar.gz"
url_api = "https://api.github.com/repos/lycheeverse/lychee/releases/assets/409959156"

[tools.lychee."platforms.linux-x64-musl"]
checksum = "sha256:73657a111819a30c47c08352896796f23d64e4eb2b3ed39b6d32149241566fc5"
url = "https://github.com/lycheeverse/lychee/releases/download/lychee-v0.24.2/lychee-x86_64-unknown-linux-musl.tar.gz"
url_api = "https://api.github.com/repos/lycheeverse/lychee/releases/assets/409959271"

[tools.lychee."platforms.macos-arm64"]
checksum = "sha256:c9d3740ea2d891854d37116c9fba840f37b6e7c89d330e7db84ac333631c4977"
url = "https://github.com/lycheeverse/lychee/releases/download/lychee-v0.24.2/lychee-aarch64-apple-darwin.tar.gz"
url_api = "https://api.github.com/repos/lycheeverse/lychee/releases/assets/409957951"

[tools.lychee."platforms.windows-x64"]
checksum = "sha256:32975d1493ee1a975d6bb41e4fb56fe419cb442ded628bb772ba2e614acfacad"
url = "https://github.com/lycheeverse/lychee/releases/download/lychee-v0.24.2/lychee-x86_64-pc-windows-msvc.zip"
url_api = "https://api.github.com/repos/lycheeverse/lychee/releases/assets/409959491"

[[tools.mr-boxington]]
version = "1.16.0"
backend = "packslip:github.com/jdx/mr-boxington"
specifiers = ["latest"]

[tools.mr-boxington."platforms.linux-arm64"]
checksum = "sha256:7c3b444fb5561e8ca35668249f4fe17160fcdaa0f7a58ff43d5d6b6ab8fc8adc"
url = "https://github.com/jdx/mr-boxington/releases/download/v1.16.0/mbx-aarch64-unknown-linux-gnu.tar.gz"
signer = "sigstore-oidc:https://github.com/jdx/mr-boxington/.github/workflows/release.yml"

[tools.mr-boxington."platforms.linux-arm64-musl"]
checksum = "sha256:01cce632e7bacacd78935226e778c5199f6942a55789645eb3e56c662f448792"
url = "https://github.com/jdx/mr-boxington/releases/download/v1.16.0/mbx-aarch64-unknown-linux-musl.tar.gz"
signer = "sigstore-oidc:https://github.com/jdx/mr-boxington/.github/workflows/release.yml"

[tools.mr-boxington."platforms.linux-x64"]
checksum = "sha256:98e94a424e947c052226d99b5bb192a774166818ee8266a0398b5a233b8745a5"
url = "https://github.com/jdx/mr-boxington/releases/download/v1.16.0/mbx-x86_64-unknown-linux-gnu.tar.gz"
signer = "sigstore-oidc:https://github.com/jdx/mr-boxington/.github/workflows/release.yml"

[tools.mr-boxington."platforms.linux-x64-musl"]
checksum = "sha256:be74eb96c62e774d90e8e036ed3d5541bde682802b11dfb1bf340d57276f5ab1"
url = "https://github.com/jdx/mr-boxington/releases/download/v1.16.0/mbx-x86_64-unknown-linux-musl.tar.gz"
signer = "sigstore-oidc:https://github.com/jdx/mr-boxington/.github/workflows/release.yml"

[tools.mr-boxington."platforms.macos-arm64"]
checksum = "sha256:b4e20f6059346c3d428c3dfeebb486a998df4bf2d5a03f71cdb620e3ff7b029b"
url = "https://github.com/jdx/mr-boxington/releases/download/v1.16.0/mbx-aarch64-apple-darwin.tar.gz"
signer = "sigstore-oidc:https://github.com/jdx/mr-boxington/.github/workflows/release.yml"

[tools.mr-boxington."platforms.windows-x64"]
checksum = "sha256:4ac772395b6346e3ea54fe7a899d7dfcfda3e57c3c0d58595fc6fcbaddaf67b9"
url = "https://github.com/jdx/mr-boxington/releases/download/v1.16.0/mbx-x86_64-pc-windows-msvc.zip"
signer = "sigstore-oidc:https://github.com/jdx/mr-boxington/.github/workflows/release.yml"

[[tools.node]]
version = "24.19.0"
backend = "core:node"
specifiers = ["24"]

[tools.node."platforms.linux-arm64"]
checksum = "sha256:d28c8a5bf0a808f0ed434a1dce8c54ae98f0371c0bd86ac58abc613f73e6643f"
url = "https://nodejs.org/dist/v24.19.0/node-v24.19.0-linux-arm64.tar.gz"

[tools.node."platforms.linux-arm64-musl"]
checksum = "sha256:20824e4d35948fae5b337dccef47813b04d8995312f59df7386f2256d9f9ab7e"
url = "https://unofficial-builds.nodejs.org/download/release/v24.19.0/node-v24.19.0-linux-arm64-musl.tar.gz"

[tools.node."platforms.linux-x64"]
checksum = "sha256:f625d97cd707df4ff96254916fbc5ff014f09c09effe5a1e0ca8f6d41a8789d4"
url = "https://nodejs.org/dist/v24.19.0/node-v24.19.0-linux-x64.tar.gz"

[tools.node."platforms.linux-x64-musl"]
checksum = "sha256:c60223786df14a5d23e220ebb8e60318f5322640a62f90e6d9e54d3a18da532e"
url = "https://unofficial-builds.nodejs.org/download/release/v24.19.0/node-v24.19.0-linux-x64-musl.tar.gz"

[tools.node."platforms.macos-arm64"]
checksum = "sha256:8294b7aa9b03997481c06babf1e8b270c859358f27da57a11509afe537ac381d"
url = "https://nodejs.org/dist/v24.19.0/node-v24.19.0-darwin-arm64.tar.gz"

[tools.node."platforms.windows-x64"]
checksum = "sha256:57f71ab3652e797d84acddc79c81cc9ff1c6ddb2a1974cdb83f00fee9bff4c73"
url = "https://nodejs.org/dist/v24.19.0/node-v24.19.0-win-x64.zip"

[[tools.tak]]
version = "0.0.10"
backend = "github:jdx/tak"
specifiers = ["latest"]

[tools.tak."platforms.linux-arm64"]
checksum = "sha256:525a4796db332f9f865063820095306efc5ed698ec3e7714e2185f26344335bd"
url = "https://github.com/jdx/tak/releases/download/v0.0.10/tak-aarch64-unknown-linux-gnu.tar.gz"
url_api = "https://api.github.com/repos/jdx/tak/releases/assets/545781784"
provenance = "github-attestations"

[tools.tak."platforms.linux-arm64-musl"]
checksum = "sha256:ca8a988a994a9053084c5461be1d450bf164081608a6fea5e1ecfcc566470816"
url = "https://github.com/jdx/tak/releases/download/v0.0.10/tak-aarch64-unknown-linux-musl.tar.gz"
url_api = "https://api.github.com/repos/jdx/tak/releases/assets/545781786"
provenance = "github-attestations"

[tools.tak."platforms.linux-x64"]
checksum = "sha256:56fe41af8906be449806e4fb199b46ab653e75540265631ba25c633259df5460"
url = "https://github.com/jdx/tak/releases/download/v0.0.10/tak-x86_64-unknown-linux-gnu.tar.gz"
url_api = "https://api.github.com/repos/jdx/tak/releases/assets/545781794"
provenance = "github-attestations"

[tools.tak."platforms.linux-x64-musl"]
checksum = "sha256:3128ec683a75b1848ac74dc7e0f4673cbd24be10981bb9e6a04f2778ee4f0b7b"
url = "https://github.com/jdx/tak/releases/download/v0.0.10/tak-x86_64-unknown-linux-musl.tar.gz"
url_api = "https://api.github.com/repos/jdx/tak/releases/assets/545781793"
provenance = "github-attestations"

[tools.tak."platforms.macos-arm64"]
checksum = "sha256:2d0dcb013e5c364b6bcc233a19398dd09450552995547060dd9cc10ebc04a731"
url = "https://github.com/jdx/tak/releases/download/v0.0.10/tak-aarch64-apple-darwin.tar.gz"
url_api = "https://api.github.com/repos/jdx/tak/releases/assets/545781785"
provenance = "github-attestations"

[tools.tak."platforms.windows-x64"]
checksum = "sha256:02e352f1ac7285785857afc882cfddf98035da7fe2f0c2769acbd1f1f3e1624b"
url = "https://github.com/jdx/tak/releases/download/v0.0.10/tak-x86_64-pc-windows-msvc.zip"
url_api = "https://api.github.com/repos/jdx/tak/releases/assets/545781790"
provenance = "github-attestations"

[[tools.usage]]
version = "6.11.1"
backend = "packslip:github.com/jdx/usage"
specifiers = ["latest"]

[tools.usage."platforms.linux-arm64"]
checksum = "sha256:90622145566409da24d282190ad17cc786c85d498d751543824ab62931705018"
url = "https://github.com/jdx/usage/releases/download/v6.11.1/usage-aarch64-unknown-linux-gnu.tar.gz"
signer = "sigstore-oidc:https://github.com/jdx/usage/.github/workflows/publish-cli.yml"

[tools.usage."platforms.linux-arm64-musl"]
checksum = "sha256:b8903edb0accb76576a9a454900388d629dff9a35186e653c4e5b48e622e62c0"
url = "https://github.com/jdx/usage/releases/download/v6.11.1/usage-aarch64-unknown-linux-musl.tar.gz"
signer = "sigstore-oidc:https://github.com/jdx/usage/.github/workflows/publish-cli.yml"

[tools.usage."platforms.linux-x64"]
checksum = "sha256:afa6cb0e76f88cc6392aeecf21bbcd869747d4eeb60ab84c98d6e6178edc359a"
url = "https://github.com/jdx/usage/releases/download/v6.11.1/usage-x86_64-unknown-linux-gnu.tar.gz"
signer = "sigstore-oidc:https://github.com/jdx/usage/.github/workflows/publish-cli.yml"

[tools.usage."platforms.linux-x64-musl"]
checksum = "sha256:7b37d1d36b310857908e508802db6c6b670555cf25cd0b990f09ee40cb11247b"
url = "https://github.com/jdx/usage/releases/download/v6.11.1/usage-x86_64-unknown-linux-musl.tar.gz"
signer = "sigstore-oidc:https://github.com/jdx/usage/.github/workflows/publish-cli.yml"

[tools.usage."platforms.macos-arm64"]
checksum = "sha256:e3a20b948f2665862dcbaddfc50d62ac741654e3cdd815130a6fae00b3d088ff"
url = "https://github.com/jdx/usage/releases/download/v6.11.1/usage-universal-apple-darwin.tar.gz"
signer = "sigstore-oidc:https://github.com/jdx/usage/.github/workflows/publish-cli.yml"

[tools.usage."platforms.windows-x64"]
checksum = "sha256:783ce7539b1145f1860054352067e5da70bfac1ceeba3c9f3cb912477068f99d"
url = "https://github.com/jdx/usage/releases/download/v6.11.1/usage-x86_64-pc-windows-msvc.zip"
signer = "sigstore-oidc:https://github.com/jdx/usage/.github/workflows/publish-cli.yml"
