# @generated - this file is auto-generated by `mise lock` https://mise.jdx.dev/dev-tools/mise-lock.html

lockfile_version = 1

[[tools.aube]]
version = "2.2.4"
backend = "aqua:jdx/aube"
specifiers = ["latest"]

[tools.aube."platforms.linux-arm64"]
checksum = "sha256:ded66b083215124d196d918ce44506791c2153552f8f307786e07d9bb3f9221e"
url = "https://github.com/jdx/aube/releases/download/v2.2.4/aube-v2.2.4-aarch64-unknown-linux-gnu.tar.gz"
url_api = "https://api.github.com/repos/jdx/aube/releases/assets/538160671"

[tools.aube."platforms.linux-arm64-musl"]
checksum = "sha256:07ad5c91d0c7ebb8e9092883ce4910284dc3c909d3aa3ef3c0041c8d25facb7b"
url = "https://github.com/jdx/aube/releases/download/v2.2.4/aube-v2.2.4-aarch64-unknown-linux-musl.tar.gz"
url_api = "https://api.github.com/repos/jdx/aube/releases/assets/538133294"

[tools.aube."platforms.linux-x64"]
checksum = "sha256:20b8fda0f9f471500ee64814880bd84c1bc402ee7f6dece39bfae25cc93aa1d8"
url = "https://github.com/jdx/aube/releases/download/v2.2.4/aube-v2.2.4-x86_64-unknown-linux-gnu.tar.gz"
url_api = "https://api.github.com/repos/jdx/aube/releases/assets/538149375"

[tools.aube."platforms.linux-x64-musl"]
checksum = "sha256:ff864b3348d8aad6a1b50fe47e2234d53527797e80f190533c0456ef6255d6e4"
url = "https://github.com/jdx/aube/releases/download/v2.2.4/aube-v2.2.4-x86_64-unknown-linux-musl.tar.gz"
url_api = "https://api.github.com/repos/jdx/aube/releases/assets/538157265"

[tools.aube."platforms.macos-arm64"]
checksum = "sha256:aa3f6e8e319c8d9c92393e797cd5576229eacc0740e8cf2b34d4c65bb1e61708"
url = "https://github.com/jdx/aube/releases/download/v2.2.4/aube-v2.2.4-aarch64-apple-darwin.tar.gz"
url_api = "https://api.github.com/repos/jdx/aube/releases/assets/538155490"

[tools.aube."platforms.windows-x64"]
checksum = "sha256:b6ace0276285c6a0e0f0f2850f45bdcc4e51e1cc11fa005457c6fb83998a6d23"
url = "https://github.com/jdx/aube/releases/download/v2.2.4/aube-v2.2.4-x86_64-pc-windows-msvc.zip"
url_api = "https://api.github.com/repos/jdx/aube/releases/assets/538150861"

[[tools.communique]]
version = "1.3.2"
backend = "github:jdx/communique"
specifiers = ["latest"]

[tools.communique."platforms.linux-arm64"]
checksum = "sha256:02eb34a853e85410cb191534dd9f6324aa91ab1796e7a217c8e052c85373061a"
url = "https://github.com/jdx/communique/releases/download/v1.3.2/communique-aarch64-unknown-linux-gnu.tar.gz"
url_api = "https://api.github.com/repos/jdx/communique/releases/assets/525626337"
provenance = "github-attestations"

[tools.communique."platforms.linux-arm64-musl"]
checksum = "sha256:49ac501d845a6e3e3ba094d436f1417c7245914103c574fd2c6d46e9c39e2238"
url = "https://github.com/jdx/communique/releases/download/v1.3.2/communique-aarch64-unknown-linux-musl.tar.gz"
url_api = "https://api.github.com/repos/jdx/communique/releases/assets/525618951"
provenance = "github-attestations"

[tools.communique."platforms.linux-x64"]
checksum = "sha256:be280e35a22ff787dd6cc596d36f3ecf7a3ff3f16efdfb284154e8977895573b"
url = "https://github.com/jdx/communique/releases/download/v1.3.2/communique-x86_64-unknown-linux-gnu.tar.gz"
url_api = "https://api.github.com/repos/jdx/communique/releases/assets/525619184"
provenance = "github-attestations"
provenance_verified = true

[tools.communique."platforms.linux-x64-musl"]
checksum = "sha256:8eebec71e8a57b04793fa85bbb798f48e1b50bda12813e3c8db857eaa1f4bca9"
url = "https://github.com/jdx/communique/releases/download/v1.3.2/communique-x86_64-unknown-linux-musl.tar.gz"
url_api = "https://api.github.com/repos/jdx/communique/releases/assets/525621690"
provenance = "github-attestations"

[tools.communique."platforms.macos-arm64"]
checksum = "sha256:c5eca847e9d1b4c8c8cb5633ffbbbf8e8659b86cf3e43083c0f6304db5137e86"
url = "https://github.com/jdx/communique/releases/download/v1.3.2/communique-aarch64-apple-darwin.tar.gz"
url_api = "https://api.github.com/repos/jdx/communique/releases/assets/525622989"
provenance = "github-attestations"
provenance_verified = true

[tools.communique."platforms.windows-x64"]
checksum = "sha256:82dad4450baf31869005287fa87c74b3513d2d16aae6996bfb3cd9cd40dcfffc"
url = "https://github.com/jdx/communique/releases/download/v1.3.2/communique-x86_64-pc-windows-msvc.zip"
url_api = "https://api.github.com/repos/jdx/communique/releases/assets/525619633"
provenance = "github-attestations"

[[tools."github:jdx/tak"]]
version = "0.0.9"
backend = "github:jdx/tak"
specifiers = ["0.0.9"]

[tools."github:jdx/tak"."platforms.linux-arm64"]
checksum = "sha256:9069450a581d5918c7f40fe4120f054a71835da322604becb42b7acb5bd1e0a1"
url = "https://github.com/jdx/tak/releases/download/v0.0.9/tak-aarch64-unknown-linux-gnu.tar.gz"
url_api = "https://api.github.com/repos/jdx/tak/releases/assets/537992902"
provenance = "github-attestations"

[tools."github:jdx/tak"."platforms.linux-arm64-musl"]
checksum = "sha256:0caa3b6b66fe98298714a90e6de0690402a417f5b3c34d9aa9c912edf69a18f1"
url = "https://github.com/jdx/tak/releases/download/v0.0.9/tak-aarch64-unknown-linux-musl.tar.gz"
url_api = "https://api.github.com/repos/jdx/tak/releases/assets/537992901"
provenance = "github-attestations"

[tools."github:jdx/tak"."platforms.linux-x64"]
checksum = "sha256:dfb0020b976d679af5a7504190ffbcb201c0e11b2f7788901fd6f60740cd87d4"
url = "https://github.com/jdx/tak/releases/download/v0.0.9/tak-x86_64-unknown-linux-gnu.tar.gz"
url_api = "https://api.github.com/repos/jdx/tak/releases/assets/537992912"
provenance = "github-attestations"

[tools."github:jdx/tak"."platforms.linux-x64-musl"]
checksum = "sha256:c761a4dbf695dc493744c79de0f3ab67a1698ee5af9afd35f6d019af36145420"
url = "https://github.com/jdx/tak/releases/download/v0.0.9/tak-x86_64-unknown-linux-musl.tar.gz"
url_api = "https://api.github.com/repos/jdx/tak/releases/assets/537992915"
provenance = "github-attestations"

[tools."github:jdx/tak"."platforms.macos-arm64"]
checksum = "sha256:be4690bad41265946803d11f145c22e01368164e7f1fe49befef8789259c9471"
url = "https://github.com/jdx/tak/releases/download/v0.0.9/tak-aarch64-apple-darwin.tar.gz"
url_api = "https://api.github.com/repos/jdx/tak/releases/assets/537992905"
provenance = "github-attestations"
provenance_verified = true

[tools."github:jdx/tak"."platforms.windows-x64"]
checksum = "sha256:a15f62ea6fa0051f8ae01fca58da26c550ae95fd9d7eccaa167ca53d6f2262b3"
url = "https://github.com/jdx/tak/releases/download/v0.0.9/tak-x86_64-pc-windows-msvc.zip"
url_api = "https://api.github.com/repos/jdx/tak/releases/assets/537992910"
provenance = "github-attestations"

[[tools.lychee]]
version = "0.24.2"
backend = "aqua:lycheeverse/lychee"
specifiers = ["0.24.2"]

[tools.lychee."platforms.linux-arm64"]
checksum = "sha256:91a7bd65685da41b90ccb9bc867a3d649a7818042dae04ff405e55a25bddee4c"
url = "https://github.com/lycheeverse/lychee/releases/download/lychee-v0.24.2/lychee-aarch64-unknown-linux-gnu.tar.gz"
url_api = "https://api.github.com/repos/lycheeverse/lychee/releases/assets/409959442"

[tools.lychee."platforms.linux-arm64-musl"]
checksum = "sha256:5d0b0e3aeab240f41920c633a6eaf97599be6eedda034b36e858ede7dba5e535"
url = "https://github.com/lycheeverse/lychee/releases/download/lychee-v0.24.2/lychee-aarch64-unknown-linux-musl.tar.gz"
url_api = "https://api.github.com/repos/lycheeverse/lychee/releases/assets/409958602"

[tools.lychee."platforms.linux-x64"]
checksum = "sha256:1f4e0ef7f6554a6ed33dd7ac144fb2e1bbed98598e7af973042fc5cd43951c9a"
url = "https://github.com/lycheeverse/lychee/releases/download/lychee-v0.24.2/lychee-x86_64-unknown-linux-gnu.tar.gz"
url_api = "https://api.github.com/repos/lycheeverse/lychee/releases/assets/409959156"

[tools.lychee."platforms.linux-x64-musl"]
checksum = "sha256:73657a111819a30c47c08352896796f23d64e4eb2b3ed39b6d32149241566fc5"
url = "https://github.com/lycheeverse/lychee/releases/download/lychee-v0.24.2/lychee-x86_64-unknown-linux-musl.tar.gz"
url_api = "https://api.github.com/repos/lycheeverse/lychee/releases/assets/409959271"

[tools.lychee."platforms.macos-arm64"]
checksum = "sha256:c9d3740ea2d891854d37116c9fba840f37b6e7c89d330e7db84ac333631c4977"
url = "https://github.com/lycheeverse/lychee/releases/download/lychee-v0.24.2/lychee-aarch64-apple-darwin.tar.gz"
url_api = "https://api.github.com/repos/lycheeverse/lychee/releases/assets/409957951"

[tools.lychee."platforms.windows-x64"]
checksum = "sha256:32975d1493ee1a975d6bb41e4fb56fe419cb442ded628bb772ba2e614acfacad"
url = "https://github.com/lycheeverse/lychee/releases/download/lychee-v0.24.2/lychee-x86_64-pc-windows-msvc.zip"
url_api = "https://api.github.com/repos/lycheeverse/lychee/releases/assets/409959491"

[[tools.mr-boxington]]
version = "1.4.1"
backend = "github:jdx/mr-boxington"
specifiers = ["1.4.1"]

[tools.mr-boxington."platforms.linux-arm64"]
checksum = "sha256:7ca1deeb64ad22bd5ddc9f45c749c78d3eb32608562c363727de3f0c595df0f0"
url = "https://github.com/jdx/mr-boxington/releases/download/v1.4.1/mbx-aarch64-unknown-linux-gnu.tar.gz"
url_api = "https://api.github.com/repos/jdx/mr-boxington/releases/assets/540505948"
provenance = "github-attestations"

[tools.mr-boxington."platforms.linux-arm64-musl"]
checksum = "sha256:3113dfce87c8ee6d3485f7eb99f87ae130b9b9f2c73224720edf2cef7279b5d1"
url = "https://github.com/jdx/mr-boxington/releases/download/v1.4.1/mbx-aarch64-unknown-linux-musl.tar.gz"
url_api = "https://api.github.com/repos/jdx/mr-boxington/releases/assets/540505946"
provenance = "github-attestations"

[tools.mr-boxington."platforms.linux-x64"]
checksum = "sha256:5bc7434333a941f664bbe73ae229edf6111c9fb5f771f959ca411a11358baf8a"
url = "https://github.com/jdx/mr-boxington/releases/download/v1.4.1/mbx-x86_64-unknown-linux-gnu.tar.gz"
url_api = "https://api.github.com/repos/jdx/mr-boxington/releases/assets/540505965"
provenance = "github-attestations"

[tools.mr-boxington."platforms.linux-x64-musl"]
checksum = "sha256:7277ceabefae1b444b39200c2cb944018a87da628ff77aa94291a8cc338546e6"
url = "https://github.com/jdx/mr-boxington/releases/download/v1.4.1/mbx-x86_64-unknown-linux-musl.tar.gz"
url_api = "https://api.github.com/repos/jdx/mr-boxington/releases/assets/540505964"
provenance = "github-attestations"

[tools.mr-boxington."platforms.macos-arm64"]
checksum = "sha256:57f1cac111d9972ad675aa80cbedf4c86b3423dfb11091383175db0f6341847e"
url = "https://github.com/jdx/mr-boxington/releases/download/v1.4.1/mbx-aarch64-apple-darwin.tar.gz"
url_api = "https://api.github.com/repos/jdx/mr-boxington/releases/assets/540505945"
provenance = "github-attestations"
provenance_verified = true

[tools.mr-boxington."platforms.windows-x64"]
checksum = "sha256:346cb0405129bbca4f7a24fc916b036cfd806d497d52ba47fc8bb0a0531b4382"
url = "https://github.com/jdx/mr-boxington/releases/download/v1.4.1/mbx-x86_64-pc-windows-msvc.zip"
url_api = "https://api.github.com/repos/jdx/mr-boxington/releases/assets/540505963"
provenance = "github-attestations"

[[tools.node]]
version = "24.19.0"
backend = "core:node"
specifiers = ["24"]

[tools.node."platforms.linux-arm64"]
checksum = "sha256:d28c8a5bf0a808f0ed434a1dce8c54ae98f0371c0bd86ac58abc613f73e6643f"
url = "https://nodejs.org/dist/v24.19.0/node-v24.19.0-linux-arm64.tar.gz"

[tools.node."platforms.linux-arm64-musl"]
checksum = "sha256:20824e4d35948fae5b337dccef47813b04d8995312f59df7386f2256d9f9ab7e"
url = "https://unofficial-builds.nodejs.org/download/release/v24.19.0/node-v24.19.0-linux-arm64-musl.tar.gz"

[tools.node."platforms.linux-x64"]
checksum = "sha256:f625d97cd707df4ff96254916fbc5ff014f09c09effe5a1e0ca8f6d41a8789d4"
url = "https://nodejs.org/dist/v24.19.0/node-v24.19.0-linux-x64.tar.gz"

[tools.node."platforms.linux-x64-musl"]
checksum = "sha256:c60223786df14a5d23e220ebb8e60318f5322640a62f90e6d9e54d3a18da532e"
url = "https://unofficial-builds.nodejs.org/download/release/v24.19.0/node-v24.19.0-linux-x64-musl.tar.gz"

[tools.node."platforms.macos-arm64"]
checksum = "sha256:8294b7aa9b03997481c06babf1e8b270c859358f27da57a11509afe537ac381d"
url = "https://nodejs.org/dist/v24.19.0/node-v24.19.0-darwin-arm64.tar.gz"

[tools.node."platforms.windows-x64"]
checksum = "sha256:57f71ab3652e797d84acddc79c81cc9ff1c6ddb2a1974cdb83f00fee9bff4c73"
url = "https://nodejs.org/dist/v24.19.0/node-v24.19.0-win-x64.zip"

[[tools.rust]]
version = "1.97.1"
backend = "core:rust"
specifiers = ["1.97.1"]

[[tools.usage]]
version = "6.5.0"
backend = "aqua:jdx/usage"
specifiers = ["6.5.0"]

[tools.usage."platforms.linux-arm64"]
checksum = "sha256:2c02d457cf6f6e03177a8cb5b246f466485a0a4b40a778ed6399a0620d2830f3"
url = "https://github.com/jdx/usage/releases/download/v6.5.0/usage-aarch64-unknown-linux-gnu.tar.gz"
url_api = "https://api.github.com/repos/jdx/usage/releases/assets/533941168"

[tools.usage."platforms.linux-arm64-musl"]
checksum = "sha256:8c78dfa87c0426214642448e6caca0892992d42d92dc722d116dab7d9129d295"
url = "https://github.com/jdx/usage/releases/download/v6.5.0/usage-aarch64-unknown-linux-musl.tar.gz"
url_api = "https://api.github.com/repos/jdx/usage/releases/assets/533940980"

[tools.usage."platforms.linux-x64"]
checksum = "sha256:0dc1cc55e4f3766f9a61d50c7854541983094faf2bacf769d1f4f9f45b0c1a8a"
url = "https://github.com/jdx/usage/releases/download/v6.5.0/usage-x86_64-unknown-linux-gnu.tar.gz"
url_api = "https://api.github.com/repos/jdx/usage/releases/assets/533940901"

[tools.usage."platforms.linux-x64-musl"]
checksum = "sha256:bc5bfe1078c4ce9339ba126670d5ced3eb25d63acbd4b1bbe7b51b04f243cd0c"
url = "https://github.com/jdx/usage/releases/download/v6.5.0/usage-x86_64-unknown-linux-musl.tar.gz"
url_api = "https://api.github.com/repos/jdx/usage/releases/assets/533940976"

[tools.usage."platforms.macos-arm64"]
checksum = "sha256:54e692f240d11a2e8a34fb3e0273821e35272f5b502226bd958736c16f7e7e3d"
url = "https://github.com/jdx/usage/releases/download/v6.5.0/usage-universal-apple-darwin.tar.gz"
url_api = "https://api.github.com/repos/jdx/usage/releases/assets/533960041"

[tools.usage."platforms.windows-x64"]
checksum = "sha256:041603b3f09e66870f5cb2475e4cb8a7cb10e222281bda13fe301c7a3b26a39b"
url = "https://github.com/jdx/usage/releases/download/v6.5.0/usage-x86_64-pc-windows-msvc.zip"
url_api = "https://api.github.com/repos/jdx/usage/releases/assets/533944295"
